
Microsoft Visual Studio Solution File, Format Version 12.00
# Visual Studio Version 16
VisualStudioVersion = 16.0.30011.22
MinimumVisualStudioVersion = 10.0.40219.1
Project("{9A19103F-16F7-4668-BE54-9A1E7A4F7556}") = "BattleShip", "BattleShip\BattleShip.csproj", "{3CB8B751-6C17-4BE1-AF36-471680473C08}"
EndProject
Project("{FAE04EC0-301F-11D3-BF4B-00C04F79EFBC}") = "BattleShip.Tests", "BattleShip.Tests\BattleShip.Tests.csproj", "{E9C1853C-ED1C-4A9D-8895-D5ECA308E5D9}"
EndProject
Global
	GlobalSection(SolutionConfigurationPlatforms) = preSolution
		Debug|Any CPU = Debug|Any CPU
		Release|Any CPU = Release|Any CPU
	EndGlobalSection
	GlobalSection(ProjectConfigurationPlatforms) = postSolution
		{3CB8B751-6C17-4BE1-AF36-471680473C08}.Debug|Any CPU.ActiveCfg = Debug|Any CPU
		{3CB8B751-6C17-4BE1-AF36-471680473C08}.Debug|Any CPU.Build.0 = Debug|Any CPU
		{3CB8B751-6C17-4BE1-AF36-471680473C08}.Release|Any CPU.ActiveCfg = Release|Any CPU
		{3CB8B751-6C17-4BE1-AF36-471680473C08}.Release|Any CPU.Build.0 = Release|Any CPU
		{E9C1853C-ED1C-4A9D-8895-D5ECA308E5D9}.Debug|Any CPU.ActiveCfg = Debug|Any CPU
		{E9C1853C-ED1C-4A9D-8895-D5ECA308E5D9}.Debug|Any CPU.Build.0 = Debug|Any CPU
		{E9C1853C-ED1C-4A9D-8895-D5ECA308E5D9}.Release|Any CPU.ActiveCfg = Release|Any CPU
		{E9C1853C-ED1C-4A9D-8895-D5ECA308E5D9}.Release|Any CPU.Build.0 = Release|Any CPU
	EndGlobalSection
	GlobalSection(SolutionProperties) = preSolution
		HideSolutionNode = FALSE
	EndGlobalSection
	GlobalSection(ExtensibilityGlobals) = postSolution
		SolutionGuid = {49099927-ACB5-4C45-987B-2D665197ECE4}
	EndGlobalSection
EndGlobal
